{
    "_meta": {
        "hash": {
            "sha256": "4056d12348d68bd8b86ebcc808e03d74fa305667123d8095ad7abb92e719bd57"
        },
        "pipfile-spec": 6,
        "requires": {
            "python_version": "3.9"
        },
        "sources": [
            {
                "name": "pypi",
                "url": "https://pypi.org/simple",
                "verify_ssl": true
            }
        ]
    },
    "default": {
        "certifi": {
            "hashes": [
                "sha256:78884e7c1d4b00ce3cea67b44566851c4343c120abd683433ce934a68ea58872",
                "sha256:d62a0163eb4c2344ac042ab2bdf75399a71a2d8c7d47eac2e2ee91b9d6339569"
            ],
            "version": "==2021.10.8"
        },
        "cftime": {
            "hashes": [
                "sha256:0130b894e9e6ff288ed29d11b588c0050e1e795138d94482324821e2a3a92c7f",
                "sha256:104c43bcb44de96d90b241b00e1c4ff042393ce4696a24150f862b7a37de4280",
                "sha256:1688eb94d808d8ceb94471c129311ce3491ba34324108a23d328d6b1a16bda90",
                "sha256:1ac7d6b47da6bee2e4bda31bcdfa8593187c2b0da962ae4855caf5de3e5a388b",
                "sha256:2790c6ee5ed87b6327d13d9a6b2d80a2ce398d2b74db9a1e2290f1f2d46d2657",
                "sha256:33019f2f0023616fe844a6fe37910fd56aa238c728179c01b058e35fb5e3869d",
                "sha256:33c00274e6dbc0c7a27a9744574003f8fcbf343a4d25514e0cd4056bad37f0ee",
                "sha256:428f43b17e184565f1e76112f0421f52692c59f0be0e9ad33bb119a0efa9f559",
                "sha256:430d2140a4e96a2295fc7c1e29e547dbc69793b327db1f743613bda3d90d59a6",
                "sha256:52442ee7cdf9b1c821032c47da93579dc1ab3fe79a5d1045a8f1e60aa2a7b3d8",
                "sha256:532e634cced7fbdff3be836b07a2e10e6e3f4ebf5aa11b8c3da011c3aa97dfa1",
                "sha256:57f899c5077ed9a14c991121c1173040f4dfb278ac35c61d40f1d3e958107455",
                "sha256:6c96f79c3089dfa9445aa1b935ef3368c0a67dec9586bebcaa6a4919338792fa",
                "sha256:6d1435a7cffd07fd603407027e864ff2de6b9948c32ce58ab06476cb0183fd7e",
                "sha256:72e763612b74286ef1600705920713e7787b0eedc75f30890e3d9c27f3a9f52f",
                "sha256:75ca6b42dbb5fe11713bc37f9d30b4c8e356de723fda0a63272ec30b7ae480e2",
                "sha256:8a398caed78389b366f1037ca62939ff01af2f1789c77bce05eb903f19ffd840",
                "sha256:918e31076d0704eca205af18b1209573a53fbf03e21e3b4ccc5d1c3a964cdda3",
                "sha256:99d5d68bece39e4c5fce6863f7a72f4f39d7b24b50335699eccc4ed8e3281438",
                "sha256:9ee3b49a7fa3bb20366cef0a11585eaa53a7f38071ab5851fb51001afa41f063",
                "sha256:a08597a385c4730c61fc8ce4d2637700f8d8966a1eedfff3c5fae51544319da4",
                "sha256:eb38bf59a0f1a67a6dce6e4ebc4ee3dd3e9ef40b05a5deeb44b71fb37009f996",
                "sha256:ee889766a23542455c023cc9f1e516fa17901cddfa534b5b733dd673076f4bd2",
                "sha256:efd6dd7c7e930b3425f37dd439928839cdeb1c22e50a3c16a1e7cf67ca2e56cf",
                "sha256:f5c06642e497bc7c923f89e03fad3d980f5836543efd8fc94c8a4309aae80034",
                "sha256:f7fffb88aadabdac9e41c6c1363387613555f034914693dcf84ae975ab6e18c9",
                "sha256:fb6ca774d08cde9b5739b14e45a59ed3b831dc512562bca88b71bda978ea1074",
                "sha256:fcd4f122473cb2cdbd0848373ada4aa9c83acb5d9791eaab0ffa30e9097f2473",
                "sha256:feb6e83cf874245023f9612223ba1b13ee8baef6381563620405eb8f5955102d"
            ],
            "version": "==1.5.1"
        },
        "charset-normalizer": {
            "hashes": [
                "sha256:e019de665e2bcf9c2b64e2e5aa025fa991da8720daa3c1138cadd2fd1856aed0",
                "sha256:f7af805c321bfa1ce6714c51f254e0d5bb5e5834039bc17db7ebe3a4cec9492b"
            ],
            "markers": "python_version >= '3'",
            "version": "==2.0.7"
        },
        "idna": {
            "hashes": [
                "sha256:84d9dd047ffa80596e0f246e2eab0b391788b0503584e8945f2368256d2735ff",
                "sha256:9d643ff0a55b762d5cdb124b8eaa99c66322e2157b69160bc32796e824360e6d"
            ],
            "markers": "python_version >= '3'",
            "version": "==3.3"
        },
        "logger": {
            "hashes": [
                "sha256:4ecac57133c6376fa215f0fe6b4dc4d60e4d1ad8be005cab4e8a702df682f8b3"
            ],
            "index": "pypi",
            "version": "==1.4"
        },
        "netcdf4": {
            "hashes": [
                "sha256:02c2317f377f23005e447e4b187ebce3cdeae76b9d0a443d9d6f5156a3980f04",
                "sha256:087d09594c0739b03a18ed058d6eca8dc80cc672961b231473bdf2c728112ec8",
                "sha256:0bf6b4375d99ef6aa9b5d82bdd2a92113c130821461e10bf9831609783f43a2a",
                "sha256:1dd21bff8e29476decfe42602ab40694f10be84b1a585bc5d28c8b08c19f7283",
                "sha256:1ee78d5c129fcfeafd6d4a6339984d6108dbabfb8a2cec651f9dc2132c792c78",
                "sha256:206af8b5d110b89132ddea9b7b162efe82c26db37bc7a7633110750685243195",
                "sha256:2106c5eaacb8e4dd1ad9837cb020fdf1b9c9e5630cd6648a6ac760690f098eed",
                "sha256:34355a0129f05e44b26be22e352af183dee7dcd4c6504b398c10ef89ca9f9303",
                "sha256:35f527f9d22b23c93cbb6b20e07fe1e3e27ed5ac80a699c2b1f2d150d5db70ee",
                "sha256:393f9c7e92f03e08f8093100396dddb8619a43cb37ad2ac6beb70aaa71226dd5",
                "sha256:41c0ff220a16c894bf147ce2b1c0266610a5b94bf7aed66c5ee2e5aeaa6bfb20",
                "sha256:41ff33837732c94a9446ebc1562bf5d954c43e1009f1429423da9151bee5bac1",
                "sha256:43c95d05458b730a496bbfa52080f4133ec60f07b3994a5b7f45034c65c6d31b",
                "sha256:4933f948dba82f4f95dcb4d0c4227ab4e085c35e33048009c77ec446a86b2d63",
                "sha256:50821324f804cd99043b7273d15e65e204cadbf7ca8af27059fade765fb2c430",
                "sha256:56808afaf4f8afd6d7f6dcdba5ee39d37160028066abba140e0210bdb1d50712",
                "sha256:5eb58e4b4ad9b79b72fceb8a806b5236b6ce4d5053f7020cff367fcc0bebc765",
                "sha256:5f520457cf48541edb83655567b5b17cdb2df19a305703f015a85e7f2aceb560",
                "sha256:7d31d1b736d402b2779f703479d0fbdee59fc6e1e880d1af6eb36fded934a982",
                "sha256:8164915dc40baa26c65d0e5661d96cd8cbc87157563cf364167d9ec82a6ef7f6",
                "sha256:8bb9e8b073e25c44cdcc42947e945a5b950ea93a519ba28fec642a92a1c983a9",
                "sha256:8f4352717660ea48df8c21920f29c708ba69b7002f609dc89036507913b82608",
                "sha256:a0a47694a123647ff7ef4c16a863510ad640fd44e75f8e2ee5042578ad2a0d67",
                "sha256:ad705a74449bcefeebb6ae41a5e5987ab29942f508e092151dac7508803e12e8",
                "sha256:aff200ee07495c73f4257f55d19d13f3678d7f3171d48a85481706e06a6db0e9",
                "sha256:c06f59f54f73aab86b123838fabe68c728503be981cad9f28283dcfb627f7023",
                "sha256:c270e4e5161955a35a152348a659270540c85fb2f238c13601c8649cd992032f",
                "sha256:c3056cc36669abd35b152b978a0bc54b622995d9d7165f8d380c134fa60e27d6",
                "sha256:c6b0c6ae9f9a050e9878f700e87405044fb2ee9a730559d6feb87f2361b361c6",
                "sha256:ca8f6f519b290b68892186cb966ee8d2287faec8463128fe6aaec188a0c5ae96",
                "sha256:cb374f259d0a6d0e436294607d4bc5999f20f61e1a7d365b50e07898ea43a7de",
                "sha256:d145f9c12da29da3922d8b8aafea2a2a89501bcb28a219a46b7b828b57191594",
                "sha256:e8d64208e69cd5e67112eb4378066946124dcd1fbb7c2aa3d12d488f4d024759",
                "sha256:f7b8b19971ff5e1dc5267f1f917667214c6614816f879ff6620bc152132c2629",
                "sha256:fc489ecca6fb2e5ab738eedf962f9213dcde005b6f9e6f9b2d3d9d6513811759"
            ],
            "index": "pypi",
            "version": "==1.5.7"
        },
        "numpy": {
            "hashes": [
                "sha256:043e83bfc274649c82a6f09836943e4a4aebe5e33656271c7dbf9621dd58b8ec",
                "sha256:160ccc1bed3a8371bf0d760971f09bfe80a3e18646620e9ded0ad159d9749baa",
                "sha256:188031f833bbb623637e66006cf75e933e00e7231f67e2b45cf8189612bb5dc3",
                "sha256:28f15209fb535dd4c504a7762d3bc440779b0e37d50ed810ced209e5cea60d96",
                "sha256:29fb3dcd0468b7715f8ce2c0c2d9bbbaf5ae686334951343a41bd8d155c6ea27",
                "sha256:2a6ee9620061b2a722749b391c0d80a0e2ae97290f1b32e28d5a362e21941ee4",
                "sha256:300321e3985c968e3ae7fbda187237b225f3ffe6528395a5b7a5407f73cf093e",
                "sha256:32437f0b275c1d09d9c3add782516413e98cd7c09e6baf4715cbce781fc29912",
                "sha256:3c09418a14471c7ae69ba682e2428cae5b4420a766659605566c0fa6987f6b7e",
                "sha256:49c6249260890e05b8111ebfc391ed58b3cb4b33e63197b2ec7f776e45330721",
                "sha256:4cc9b512e9fb590797474f58b7f6d1f1b654b3a94f4fa8558b48ca8b3cfc97cf",
                "sha256:508b0b513fa1266875524ba8a9ecc27b02ad771fe1704a16314dc1a816a68737",
                "sha256:50cd26b0cf6664cb3b3dd161ba0a09c9c1343db064e7c69f9f8b551f5104d654",
                "sha256:5c4193f70f8069550a1788bd0cd3268ab7d3a2b70583dfe3b2e7f421e9aace06",
                "sha256:5dfe9d6a4c39b8b6edd7990091fea4f852888e41919d0e6722fe78dd421db0eb",
                "sha256:63571bb7897a584ca3249c86dd01c10bcb5fe4296e3568b2e9c1a55356b6410e",
                "sha256:75621882d2230ab77fb6a03d4cbccd2038511491076e7964ef87306623aa5272",
                "sha256:75eb7cadc8da49302f5b659d40ba4f6d94d5045fbd9569c9d058e77b0514c9e4",
                "sha256:88a5d6b268e9ad18f3533e184744acdaa2e913b13148160b1152300c949bbb5f",
                "sha256:8a10968963640e75cc0193e1847616ab4c718e83b6938ae74dea44953950f6b7",
                "sha256:90bec6a86b348b4559b6482e2b684db4a9a7eed1fa054b86115a48d58fbbf62a",
                "sha256:98339aa9911853f131de11010f6dd94c8cec254d3d1f7261528c3b3e3219f139",
                "sha256:a99a6b067e5190ac6d12005a4d85aa6227c5606fa93211f86b1dafb16233e57d",
                "sha256:bffa2eee3b87376cc6b31eee36d05349571c236d1de1175b804b348dc0941e3f",
                "sha256:c6c2d535a7beb1f8790aaa98fd089ceab2e3dd7ca48aca0af7dc60e6ef93ffe1",
                "sha256:cc14e7519fab2a4ed87d31f99c31a3796e4e1fe63a86ebdd1c5a1ea78ebd5896",
                "sha256:dd0482f3fc547f1b1b5d6a8b8e08f63fdc250c58ce688dedd8851e6e26cff0f3",
                "sha256:dde972a1e11bb7b702ed0e447953e7617723760f420decb97305e66fb4afc54f",
                "sha256:e54af82d68ef8255535a6cdb353f55d6b8cf418a83e2be3569243787a4f4866f",
                "sha256:e606e6316911471c8d9b4618e082635cfe98876007556e89ce03d52ff5e8fcf0",
                "sha256:f41b018f126aac18583956c54544db437f25c7ee4794bcb23eb38bef8e5e192a",
                "sha256:f8f4625536926a155b80ad2bbff44f8cc59e9f2ad14cdda7acf4c135b4dc8ff2",
                "sha256:fe52dbe47d9deb69b05084abd4b0df7abb39a3c51957c09f635520abd49b29dd"
            ],
            "markers": "python_version < '3.11' and python_version >= '3.7'",
            "version": "==1.21.3"
        },
        "path": {
            "hashes": [
                "sha256:2de925e8d421f93bcea80d511b81accfb6a7e6b249afa4a5559557b0cf817097",
                "sha256:340054c5bb459fc9fd40e7eb6768c5989f3e599d18224238465b5333bc8faa7d"
            ],
            "index": "pypi",
            "version": "==16.2.0"
        },
        "pathlib": {
            "hashes": [
                "sha256:6940718dfc3eff4258203ad5021090933e5c04707d5ca8cc9e73c94a7894ea9f"
            ],
            "index": "pypi",
            "version": "==1.0.1"
        },
        "requests": {
            "hashes": [
                "sha256:6c1246513ecd5ecd4528a0906f910e8f0f9c6b8ec72030dc9fd154dc1a6efd24",
                "sha256:b8aa58f8cf793ffd8782d3d8cb19e66ef36f7aba4353eec859e74678b01b07a7"
            ],
            "index": "pypi",
            "version": "==2.26.0"
        },
        "urllib3": {
            "hashes": [
                "sha256:4987c65554f7a2dbf30c18fd48778ef124af6fab771a377103da0585e2336ece",
                "sha256:c4fdf4019605b6e5423637e01bc9fe4daef873709a7973e195ceba0a62bbc844"
            ],
            "markers": "python_version >= '2.7' and python_version not in '3.0, 3.1, 3.2, 3.3, 3.4' and python_version < '4'",
            "version": "==1.26.7"
        }
    },
    "develop": {}
}
